
Microsoft Visual Studio Solution File, Format Version 12.00
# Visual Studio Version 17
VisualStudioVersion = 17.0.31903.59
MinimumVisualStudioVersion = 10.0.40219.1
Project("{2150E333-8FDC-42A3-9474-1A3956D46DE8}") = "src", "src", "{BB18CA42-C76C-44A3-9758-E77FCFE94353}"
EndProject
Project("{9A19103F-16F7-4668-BE54-9A1E7A4F7556}") = "Connectors.AI.ERNIE-Bot", "src\Connectors.AI.ERNIE-Bot\Connectors.AI.ERNIE-Bot.csproj", "{A2822608-D4A3-4AE6-856C-484DC27CF18F}"
EndProject
Project("{FAE04EC0-301F-11D3-BF4B-00C04F79EFBC}") = "ERNIE-Bot.SDK", "src\ERNIE-Bot.SDK\ERNIE-Bot.SDK.csproj", "{876A5DBE-75C2-4BE0-A5D3-45451AB180D8}"
EndProject
Global
	GlobalSection(SolutionConfigurationPlatforms) = preSolution
		Debug|Any CPU = Debug|Any CPU
		Release|Any CPU = Release|Any CPU
	EndGlobalSection
	GlobalSection(ProjectConfigurationPlatforms) = postSolution
		{A2822608-D4A3-4AE6-856C-484DC27CF18F}.Debug|Any CPU.ActiveCfg = Debug|Any CPU
		{A2822608-D4A3-4AE6-856C-484DC27CF18F}.Debug|Any CPU.Build.0 = Debug|Any CPU
		{A2822608-D4A3-4AE6-856C-484DC27CF18F}.Release|Any CPU.ActiveCfg = Release|Any CPU
		{A2822608-D4A3-4AE6-856C-484DC27CF18F}.Release|Any CPU.Build.0 = Release|Any CPU
		{876A5DBE-75C2-4BE0-A5D3-45451AB180D8}.Debug|Any CPU.ActiveCfg = Debug|Any CPU
		{876A5DBE-75C2-4BE0-A5D3-45451AB180D8}.Debug|Any CPU.Build.0 = Debug|Any CPU
		{876A5DBE-75C2-4BE0-A5D3-45451AB180D8}.Release|Any CPU.ActiveCfg = Release|Any CPU
		{876A5DBE-75C2-4BE0-A5D3-45451AB180D8}.Release|Any CPU.Build.0 = Release|Any CPU
	EndGlobalSection
	GlobalSection(SolutionProperties) = preSolution
		HideSolutionNode = FALSE
	EndGlobalSection
	GlobalSection(NestedProjects) = preSolution
		{A2822608-D4A3-4AE6-856C-484DC27CF18F} = {BB18CA42-C76C-44A3-9758-E77FCFE94353}
		{876A5DBE-75C2-4BE0-A5D3-45451AB180D8} = {BB18CA42-C76C-44A3-9758-E77FCFE94353}
	EndGlobalSection
EndGlobal
